
Microsoft Visual Studio Solution File, Format Version 12.00
# Visual Studio Version 17
VisualStudioVersion = 17.0.31903.59
MinimumVisualStudioVersion = 10.0.40219.1
Project("{9A19103F-16F7-4668-BE54-9A1E7A4F7556}") = "GD3_2021_GDApp", "GD3_2021_GDApp\GD3_2021_GDApp.csproj", "{0531912C-9BAF-4472-BF1C-28770A602650}"
EndProject
Project("{D954291E-2A0B-460D-934E-DC6B0785DB48}") = "GD3_2021_GDLibrary", "..\GD3_2021_GDLibrary\GD3_2021_GDLibrary\GD3_2021_GDLibrary.shproj", "{A0CDBD0E-3A41-42B7-9425-A838BC2C7383}"
EndProject
Global
	GlobalSection(SharedMSBuildProjectFiles) = preSolution
		..\GD3_2021_GDLibrary\GD3_2021_GDLibrary\GD3_2021_GDLibrary.projitems*{0531912c-9baf-4472-bf1c-28770a602650}*SharedItemsImports = 5
		..\JigLibX\JigLibX.projitems*{0531912c-9baf-4472-bf1c-28770a602650}*SharedItemsImports = 5
		..\GD3_2021_GDLibrary\GD3_2021_GDLibrary\GD3_2021_GDLibrary.projitems*{a0cdbd0e-3a41-42b7-9425-a838bc2c7383}*SharedItemsImports = 13
	EndGlobalSection
	GlobalSection(SolutionConfigurationPlatforms) = preSolution
		Debug|Any CPU = Debug|Any CPU
		Release|Any CPU = Release|Any CPU
	EndGlobalSection
	GlobalSection(ProjectConfigurationPlatforms) = postSolution
		{0531912C-9BAF-4472-BF1C-28770A602650}.Debug|Any CPU.ActiveCfg = Debug|Any CPU
		{0531912C-9BAF-4472-BF1C-28770A602650}.Debug|Any CPU.Build.0 = Debug|Any CPU
		{0531912C-9BAF-4472-BF1C-28770A602650}.Release|Any CPU.ActiveCfg = Release|Any CPU
		{0531912C-9BAF-4472-BF1C-28770A602650}.Release|Any CPU.Build.0 = Release|Any CPU
	EndGlobalSection
	GlobalSection(SolutionProperties) = preSolution
		HideSolutionNode = FALSE
	EndGlobalSection
	GlobalSection(ExtensibilityGlobals) = postSolution
		SolutionGuid = {8D7F3451-0E4F-47CF-930D-39F8666D9146}
	EndGlobalSection
EndGlobal
